// !$*UTF8*$!
{
	archiveVersion = 1;
	classes = {
	};
	objectVersion = 56;
	objects = {

/* Begin PBXBuildFile section */
		7A80EA48298D5A9F00D2DBC0 /* clickerApp.swift in Sources */ = {isa = PBXBuildFile; fileRef = 7A80EA47298D5A9F00D2DBC0 /* clickerApp.swift */; };
		7A80EA4A298D5A9F00D2DBC0 /* ContentView.swift in Sources */ = {isa = PBXBuildFile; fileRef = 7A80EA49298D5A9F00D2DBC0 /* ContentView.swift */; };
		7A80EA4C298D5AA000D2DBC0 /* Assets.xcassets in Resources */ = {isa = PBXBuildFile; fileRef = 7A80EA4B298D5AA000D2DBC0 /* Assets.xcassets */; };
		7A80EA4F298D5AA000D2DBC0 /* Preview Assets.xcassets in Resources */ = {isa = PBXBuildFile; fileRef = 7A80EA4E298D5AA000D2DBC0 /* Preview Assets.xcassets */; };
		7A80EA59298D5AA000D2DBC0 /* clickerTests.swift in Sources */ = {isa = PBXBuildFile; fileRef = 7A80EA58298D5AA000D2DBC0 /* clickerTests.swift */; };
		7A80EA63298D5AA000D2DBC0 /* clickerUITests.swift in Sources */ = {isa = PBXBuildFile; fileRef = 7A80EA62298D5AA000D2DBC0 /* clickerUITests.swift */; };
		7A80EA65298D5AA000D2DBC0 /* clickerUITestsLaunchTests.swift in Sources */ = {isa = PBXBuildFile; fileRef = 7A80EA64298D5AA000D2DBC0 /* clickerUITestsLaunchTests.swift */; };
/* End PBXBuildFile section */

/* Begin PBXContainerItemProxy section */
		7A80EA55298D5AA000D2DBC0 /* PBXContainerItemProxy */ = {
			isa = PBXContainerItemProxy;
			containerPortal = 7A80EA3C298D5A9F00D2DBC0 /* Project object */;
			proxyType = 1;
			remoteGlobalIDString = 7A80EA43298D5A9F00D2DBC0;
			remoteInfo = clicker;
		};
		7A80EA5F298D5AA000D2DBC0 /* PBXContainerItemProxy */ = {
			isa = PBXContainerItemProxy;
			containerPortal = 7A80EA3C298D5A9F00D2DBC0 /* Project object */;
			proxyType = 1;
			remoteGlobalIDString = 7A80EA43298D5A9F00D2DBC0;
			remoteInfo = clicker;
		};
/* End PBXContainerItemProxy section */

/* Begin PBXFileReference section */
		7A80EA44298D5A9F00D2DBC0 /* clicker.app */ = {isa = PBXFileReference; explicitFileType = wrapper.application; includeInIndex = 0; path = clicker.app; sourceTree = BUILT_PRODUCTS_DIR; };
		7A80EA47298D5A9F00D2DBC0 /* clickerApp.swift */ = {isa = PBXFileReference; lastKnownFileType = sourcecode.swift; path = clickerApp.swift; sourceTree = "<group>"; };
		7A80EA49298D5A9F00D2DBC0 /* ContentView.swift */ = {isa = PBXFileReference; lastKnownFileType = sourcecode.swift; path = ContentView.swift; sourceTree = "<group>"; };
		7A80EA4B298D5AA000D2DBC0 /* Assets.xcassets */ = {isa = PBXFileReference; lastKnownFileType = folder.assetcatalog; path = Assets.xcassets; sourceTree = "<group>"; };
		7A80EA4E298D5AA000D2DBC0 /* Preview Assets.xcassets */ = {isa = PBXFileReference; lastKnownFileType = folder.assetcatalog; path = "Preview Assets.xcassets"; sourceTree = "<group>"; };
		7A80EA54298D5AA000D2DBC0 /* clickerTests.xctest */ = {isa = PBXFileReference; explicitFileType = wrapper.cfbundle; includeInIndex = 0; path = clickerTests.xctest; sourceTree = BUILT_PRODUCTS_DIR; };
		7A80EA58298D5AA000D2DBC0 /* clickerTests.swift */ = {isa = PBXFileReference; lastKnownFileType = sourcecode.swift; path = clickerTests.swift; sourceTree = "<group>"; };
		7A80EA5E298D5AA000D2DBC0 /* clickerUITests.xctest */ = {isa = PBXFileReference; explicitFileType = wrapper.cfbundle; includeInIndex = 0; path = clickerUITests.xctest; sourceTree = BUILT_PRODUCTS_DIR; };
		7A80EA62298D5AA000D2DBC0 /* clickerUITests.swift */ = {isa = PBXFileReference; lastKnownFileType = sourcecode.swift; path = clickerUITests.swift; sourceTree = "<group>"; };
		7A80EA64298D5AA000D2DBC0 /* clickerUITestsLaunchTests.swift */ = {isa = PBXFileReference; lastKnownFileType = sourcecode.swift; path = clickerUITestsLaunchTests.swift; sourceTree = "<group>"; };
/* End PBXFileReference section */

/* Begin PBXFrameworksBuildPhase section */
		7A80EA41298D5A9F00D2DBC0 /* Frameworks */ = {
			isa = PBXFrameworksBuildPhase;
			buildActionMask = 2147483647;
			files = (
			);
			runOnlyForDeploymentPostprocessing = 0;
		};
		7A80EA51298D5AA000D2DBC0 /* Frameworks */ = {
			isa = PBXFrameworksBuildPhase;
			buildActionMask = 2147483647;
			files = (
			);
			runOnlyForDeploymentPostprocessing = 0;
		};
		7A80EA5B298D5AA000D2DBC0 /* Frameworks */ = {
			isa = PBXFrameworksBuildPhase;
			buildActionMask = 2147483647;
			files = (
			);
			runOnlyForDeploymentPostprocessing = 0;
		};
/* End PBXFrameworksBuildPhase section */

/* Begin PBXGroup section */
		7A80EA3B298D5A9F00D2DBC0 = {
			isa = PBXGroup;
			children = (
				7A80EA46298D5A9F00D2DBC0 /* clicker */,
				7A80EA57298D5AA000D2DBC0 /* clickerTests */,
				7A80EA61298D5AA000D2DBC0 /* clickerUITests */,
				7A80EA45298D5A9F00D2DBC0 /* Products */,
			);
			sourceTree = "<group>";
		};
		7A80EA45298D5A9F00D2DBC0 /* Products */ = {
			isa = PBXGroup;
			children = (
				7A80EA44298D5A9F00D2DBC0 /* clicker.app */,
				7A80EA54298D5AA000D2DBC0 /* clickerTests.xctest */,
				7A80EA5E298D5AA000D2DBC0 /* clickerUITests.xctest */,
			);
			name = Products;
			sourceTree = "<group>";
		};
		7A80EA46298D5A9F00D2DBC0 /* clicker */ = {
			isa = PBXGroup;
			children = (
				7A80EA47298D5A9F00D2DBC0 /* clickerApp.swift */,
				7A80EA49298D5A9F00D2DBC0 /* ContentView.swift */,
				7A80EA4B298D5AA000D2DBC0 /* Assets.xcassets */,
				7A80EA4D298D5AA000D2DBC0 /* Preview Content */,
			);
			path = clicker;
			sourceTree = "<group>";
		};
		7A80EA4D298D5AA000D2DBC0 /* Preview Content */ = {
			isa = PBXGroup;
			children = (
				7A80EA4E298D5AA000D2DBC0 /* Preview Assets.xcassets */,
			);
			path = "Preview Content";
			sourceTree = "<group>";
		};
		7A80EA57298D5AA000D2DBC0 /* clickerTests */ = {
			isa = PBXGroup;
			children = (
				7A80EA58298D5AA000D2DBC0 /* clickerTests.swift */,
			);
			path = clickerTests;
			sourceTree = "<group>";
		};
		7A80EA61298D5AA000D2DBC0 /* clickerUITests */ = {
			isa = PBXGroup;
			children = (
				7A80EA62298D5AA000D2DBC0 /* clickerUITests.swift */,
				7A80EA64298D5AA000D2DBC0 /* clickerUITestsLaunchTests.swift */,
			);
			path = clickerUITests;
			sourceTree = "<group>";
		};
/* End PBXGroup section */

/* Begin PBXNativeTarget section */
		7A80EA43298D5A9F00D2DBC0 /* clicker */ = {
			isa = PBXNativeTarget;
			buildConfigurationList = 7A80EA68298D5AA000D2DBC0 /* Build configuration list for PBXNativeTarget "clicker" */;
			buildPhases = (
				7A80EA40298D5A9F00D2DBC0 /* Sources */,
				7A80EA41298D5A9F00D2DBC0 /* Frameworks */,
				7A80EA42298D5A9F00D2DBC0 /* Resources */,
			);
			buildRules = (
			);
			dependencies = (
			);
			name = clicker;
			productName = clicker;
			productReference = 7A80EA44298D5A9F00D2DBC0 /* clicker.app */;
			productType = "com.apple.product-type.application";
		};
		7A80EA53298D5AA000D2DBC0 /* clickerTests */ = {
			isa = PBXNativeTarget;
			buildConfigurationList = 7A80EA6B298D5AA000D2DBC0 /* Build configuration list for PBXNativeTarget "clickerTests" */;
			buildPhases = (
				7A80EA50298D5AA000D2DBC0 /* Sources */,
				7A80EA51298D5AA000D2DBC0 /* Frameworks */,
				7A80EA52298D5AA000D2DBC0 /* Resources */,
			);
			buildRules = (
			);
			dependencies = (
				7A80EA56298D5AA000D2DBC0 /* PBXTargetDependency */,
			);
			name = clickerTests;
			productName = clickerTests;
			productReference = 7A80EA54298D5AA000D2DBC0 /* clickerTests.xctest */;
			productType = "com.apple.product-type.bundle.unit-test";
		};
		7A80EA5D298D5AA000D2DBC0 /* clickerUITests */ = {
			isa = PBXNativeTarget;
			buildConfigurationList = 7A80EA6E298D5AA000D2DBC0 /* Build configuration list for PBXNativeTarget "clickerUITests" */;
			buildPhases = (
				7A80EA5A298D5AA000D2DBC0 /* Sources */,
				7A80EA5B298D5AA000D2DBC0 /* Frameworks */,
				7A80EA5C298D5AA000D2DBC0 /* Resources */,
			);
			buildRules = (
			);
			dependencies = (
				7A80EA60298D5AA000D2DBC0 /* PBXTargetDependency */,
			);
			name = clickerUITests;
			productName = clickerUITests;
			productReference = 7A80EA5E298D5AA000D2DBC0 /* clickerUITests.xctest */;
			productType = "com.apple.product-type.bundle.ui-testing";
		};
/* End PBXNativeTarget section */

/* Begin PBXProject section */
		7A80EA3C298D5A9F00D2DBC0 /* Project object */ = {
			isa = PBXProject;
			attributes = {
				BuildIndependentTargetsInParallel = 1;
				LastSwiftUpdateCheck = 1420;
				LastUpgradeCheck = 1420;
				TargetAttributes = {
					7A80EA43298D5A9F00D2DBC0 = {
						CreatedOnToolsVersion = 14.2;
					};
					7A80EA53298D5AA000D2DBC0 = {
						CreatedOnToolsVersion = 14.2;
						TestTargetID = 7A80EA43298D5A9F00D2DBC0;
					};
					7A80EA5D298D5AA000D2DBC0 = {
						CreatedOnToolsVersion = 14.2;
						TestTargetID = 7A80EA43298D5A9F00D2DBC0;
					};
				};
			};
			buildConfigurationList = 7A80EA3F298D5A9F00D2DBC0 /* Build configuration list for PBXProject "clicker" */;
			compatibilityVersion = "Xcode 14.0";
			developmentRegion = en;
			hasScannedForEncodings = 0;
			knownRegions = (
				en,
				Base,
			);
			mainGroup = 7A80EA3B298D5A9F00D2DBC0;
			productRefGroup = 7A80EA45298D5A9F00D2DBC0 /* Products */;
			projectDirPath = "";
			projectRoot = "";
			targets = (
				7A80EA43298D5A9F00D2DBC0 /* clicker */,
				7A80EA53298D5AA000D2DBC0 /* clickerTests */,
				7A80EA5D298D5AA000D2DBC0 /* clickerUITests */,
			);
		};
/* End PBXProject section */

/* Begin PBXResourcesBuildPhase section */
		7A80EA42298D5A9F00D2DBC0 /* Resources */ = {
			isa = PBXResourcesBuildPhase;
			buildActionMask = 2147483647;
			files = (
				7A80EA4F298D5AA000D2DBC0 /* Preview Assets.xcassets in Resources */,
				7A80EA4C298D5AA000D2DBC0 /* Assets.xcassets in Resources */,
			);
			runOnlyForDeploymentPostprocessing = 0;
		};
		7A80EA52298D5AA000D2DBC0 /* Resources */ = {
			isa = PBXResourcesBuildPhase;
			buildActionMask = 2147483647;
			files = (
			);
			runOnlyForDeploymentPostprocessing = 0;
		};
		7A80EA5C298D5AA000D2DBC0 /* Resources */ = {
			isa = PBXResourcesBuildPhase;
			buildActionMask = 2147483647;
			files = (
			);
			runOnlyForDeploymentPostprocessing = 0;
		};
/* End PBXResourcesBuildPhase section */

/* Begin PBXSourcesBuildPhase section */
		7A80EA40298D5A9F00D2DBC0 /* Sources */ = {
			isa = PBXSourcesBuildPhase;
			buildActionMask = 2147483647;
			files = (
				7A80EA4A298D5A9F00D2DBC0 /* ContentView.swift in Sources */,
				7A80EA48298D5A9F00D2DBC0 /* clickerApp.swift in Sources */,
			);
			runOnlyForDeploymentPostprocessing = 0;
		};
		7A80EA50298D5AA000D2DBC0 /* Sources */ = {
			isa = PBXSourcesBuildPhase;
			buildActionMask = 2147483647;
			files = (
				7A80EA59298D5AA000D2DBC0 /* clickerTests.swift in Sources */,
			);
			runOnlyForDeploymentPostprocessing = 0;
		};
		7A80EA5A298D5AA000D2DBC0 /* Sources */ = {
			isa = PBXSourcesBuildPhase;
			buildActionMask = 2147483647;
			files = (
				7A80EA65298D5AA000D2DBC0 /* clickerUITestsLaunchTests.swift in Sources */,
				7A80EA63298D5AA000D2DBC0 /* clickerUITests.swift in Sources */,
			);
			runOnlyForDeploymentPostprocessing = 0;
		};
/* End PBXSourcesBuildPhase section */

/* Begin PBXTargetDependency section */
		7A80EA56298D5AA000D2DBC0 /* PBXTargetDependency */ = {
			isa = PBXTargetDependency;
			target = 7A80EA43298D5A9F00D2DBC0 /* clicker */;
			targetProxy = 7A80EA55298D5AA000D2DBC0 /* PBXContainerItemProxy */;
		};
		7A80EA60298D5AA000D2DBC0 /* PBXTargetDependency */ = {
			isa = PBXTargetDependency;
			target = 7A80EA43298D5A9F00D2DBC0 /* clicker */;
			targetProxy = 7A80EA5F298D5AA000D2DBC0 /* PBXContainerItemProxy */;
		};
/* End PBXTargetDependency section */

/* Begin XCBuildConfiguration section */
		7A80EA66298D5AA000D2DBC0 /* Debug */ = {
			isa = XCBuildConfiguration;
			buildSettings = {
				ALWAYS_SEARCH_USER_PATHS = NO;
				CLANG_ANALYZER_NONNULL = YES;
				CLANG_ANALYZER_NUMBER_OBJECT_CONVERSION = YES_AGGRESSIVE;
				CLANG_CXX_LANGUAGE_STANDARD = "gnu++20";
				CLANG_ENABLE_MODULES = YES;
				CLANG_ENABLE_OBJC_ARC = YES;
				CLANG_ENABLE_OBJC_WEAK = YES;
				CLANG_WARN_BLOCK_CAPTURE_AUTORELEASING = YES;
				CLANG_WARN_BOOL_CONVERSION = YES;
				CLANG_WARN_COMMA = YES;
				CLANG_WARN_CONSTANT_CONVERSION = YES;
				CLANG_WARN_DEPRECATED_OBJC_IMPLEMENTATIONS = YES;
				CLANG_WARN_DIRECT_OBJC_ISA_USAGE = YES_ERROR;
				CLANG_WARN_DOCUMENTATION_COMMENTS = YES;
				CLANG_WARN_EMPTY_BODY = YES;
				CLANG_WARN_ENUM_CONVERSION = YES;
				CLANG_WARN_INFINITE_RECURSION = YES;
				CLANG_WARN_INT_CONVERSION = YES;
				CLANG_WARN_NON_LITERAL_NULL_CONVERSION = YES;
				CLANG_WARN_OBJC_IMPLICIT_RETAIN_SELF = YES;
				CLANG_WARN_OBJC_LITERAL_CONVERSION = YES;
				CLANG_WARN_OBJC_ROOT_CLASS = YES_ERROR;
				CLANG_WARN_QUOTED_INCLUDE_IN_FRAMEWORK_HEADER = YES;
				CLANG_WARN_RANGE_LOOP_ANALYSIS = YES;
				CLANG_WARN_STRICT_PROTOTYPES = YES;
				CLANG_WARN_SUSPICIOUS_MOVE = YES;
				CLANG_WARN_UNGUARDED_AVAILABILITY = YES_AGGRESSIVE;
				CLANG_WARN_UNREACHABLE_CODE = YES;
				CLANG_WARN__DUPLICATE_METHOD_MATCH = YES;
				COPY_PHASE_STRIP = NO;
				DEBUG_INFORMATION_FORMAT = dwarf;
				ENABLE_STRICT_OBJC_MSGSEND = YES;
				ENABLE_TESTABILITY = YES;
				GCC_C_LANGUAGE_STANDARD = gnu11;
				GCC_DYNAMIC_NO_PIC = NO;
				GCC_NO_COMMON_BLOCKS = YES;
				GCC_OPTIMIZATION_LEVEL = 0;
				GCC_PREPROCESSOR_DEFINITIONS = (
					"DEBUG=1",
					"$(inherited)",
				);
				GCC_WARN_64_TO_32_BIT_CONVERSION = YES;
				GCC_WARN_ABOUT_RETURN_TYPE = YES_ERROR;
				GCC_WARN_UNDECLARED_SELECTOR = YES;
				GCC_WARN_UNINITIALIZED_AUTOS = YES_AGGRESSIVE;
				GCC_WARN_UNUSED_FUNCTION = YES;
				GCC_WARN_UNUSED_VARIABLE = YES;
				IPHONEOS_DEPLOYMENT_TARGET = 16.2;
				MTL_ENABLE_DEBUG_INFO = INCLUDE_SOURCE;
				MTL_FAST_MATH = YES;
				ONLY_ACTIVE_ARCH = YES;
				SDKROOT = iphoneos;
				SWIFT_ACTIVE_COMPILATION_CONDITIONS = DEBUG;
				SWIFT_OPTIMIZATION_LEVEL = "-Onone";
			};
			name = Debug;
		};
		7A80EA67298D5AA000D2DBC0 /* Release */ = {
			isa = XCBuildConfiguration;
			buildSettings = {
				ALWAYS_SEARCH_USER_PATHS = NO;
				CLANG_ANALYZER_NONNULL = YES;
				CLANG_ANALYZER_NUMBER_OBJECT_CONVERSION = YES_AGGRESSIVE;
				CLANG_CXX_LANGUAGE_STANDARD = "gnu++20";
				CLANG_ENABLE_MODULES = YES;
				CLANG_ENABLE_OBJC_ARC = YES;
				CLANG_ENABLE_OBJC_WEAK = YES;
				CLANG_WARN_BLOCK_CAPTURE_AUTORELEASING = YES;
				CLANG_WARN_BOOL_CONVERSION = YES;
				CLANG_WARN_COMMA = YES;
				CLANG_WARN_CONSTANT_CONVERSION = YES;
				CLANG_WARN_DEPRECATED_OBJC_IMPLEMENTATIONS = YES;
				CLANG_WARN_DIRECT_OBJC_ISA_USAGE = YES_ERROR;
				CLANG_WARN_DOCUMENTATION_COMMENTS = YES;
				CLANG_WARN_EMPTY_BODY = YES;
				CLANG_WARN_ENUM_CONVERSION = YES;
				CLANG_WARN_INFINITE_RECURSION = YES;
				CLANG_WARN_INT_CONVERSION = YES;
				CLANG_WARN_NON_LITERAL_NULL_CONVERSION = YES;
				CLANG_WARN_OBJC_IMPLICIT_RETAIN_SELF = YES;
				CLANG_WARN_OBJC_LITERAL_CONVERSION = YES;
				CLANG_WARN_OBJC_ROOT_CLASS = YES_ERROR;
				CLANG_WARN_QUOTED_INCLUDE_IN_FRAMEWORK_HEADER = YES;
				CLANG_WARN_RANGE_LOOP_ANALYSIS = YES;
				CLANG_WARN_STRICT_PROTOTYPES = YES;
				CLANG_WARN_SUSPICIOUS_MOVE = YES;
				CLANG_WARN_UNGUARDED_AVAILABILITY = YES_AGGRESSIVE;
				CLANG_WARN_UNREACHABLE_CODE = YES;
				CLANG_WARN__DUPLICATE_METHOD_MATCH = YES;
				COPY_PHASE_STRIP = NO;
				DEBUG_INFORMATION_FORMAT = "dwarf-with-dsym";
				ENABLE_NS_ASSERTIONS = NO;
				ENABLE_STRICT_OBJC_MSGSEND = YES;
				GCC_C_LANGUAGE_STANDARD = gnu11;
				GCC_NO_COMMON_BLOCKS = YES;
				GCC_WARN_64_TO_32_BIT_CONVERSION = YES;
				GCC_WARN_ABOUT_RETURN_TYPE = YES_ERROR;
				GCC_WARN_UNDECLARED_SELECTOR = YES;
				GCC_WARN_UNINITIALIZED_AUTOS = YES_AGGRESSIVE;
				GCC_WARN_UNUSED_FUNCTION = YES;
				GCC_WARN_UNUSED_VARIABLE = YES;
				IPHONEOS_DEPLOYMENT_TARGET = 16.2;
				MTL_ENABLE_DEBUG_INFO = NO;
				MTL_FAST_MATH = YES;
				SDKROOT = iphoneos;
				SWIFT_COMPILATION_MODE = wholemodule;
				SWIFT_OPTIMIZATION_LEVEL = "-O";
				VALIDATE_PRODUCT = YES;
			};
			name = Release;
		};
		7A80EA69298D5AA000D2DBC0 /* Debug */ = {
			isa = XCBuildConfiguration;
			buildSettings = {
				ASSETCATALOG_COMPILER_APPICON_NAME = AppIcon;
				ASSETCATALOG_COMPILER_GLOBAL_ACCENT_COLOR_NAME = AccentColor;
				CODE_SIGN_STYLE = Automatic;
				CURRENT_PROJECT_VERSION = 1;
				DEVELOPMENT_ASSET_PATHS = "\"clicker/Preview Content\"";
				DEVELOPMENT_TEAM = YV99VX36XT;
				ENABLE_PREVIEWS = YES;
				GENERATE_INFOPLIST_FILE = YES;
				INFOPLIST_KEY_UIApplicationSceneManifest_Generation = YES;
				INFOPLIST_KEY_UIApplicationSupportsIndirectInputEvents = YES;
				INFOPLIST_KEY_UILaunchScreen_Generation = YES;
				INFOPLIST_KEY_UISupportedInterfaceOrientations_iPad = "UIInterfaceOrientationPortrait UIInterfaceOrientationPortraitUpsideDown UIInterfaceOrientationLandscapeLeft UIInterfaceOrientationLandscapeRight";
				INFOPLIST_KEY_UISupportedInterfaceOrientations_iPhone = "UIInterfaceOrientationPortrait UIInterfaceOrientationLandscapeLeft UIInterfaceOrientationLandscapeRight";
				LD_RUNPATH_SEARCH_PATHS = (
					"$(inherited)",
					"@executable_path/Frameworks",
				);
				MARKETING_VERSION = 1.0;
				PRODUCT_BUNDLE_IDENTIFIER = com.jaehanley.clicker;
				PRODUCT_NAME = "$(TARGET_NAME)";
				SWIFT_EMIT_LOC_STRINGS = YES;
				SWIFT_VERSION = 5.0;
				TARGETED_DEVICE_FAMILY = "1,2";
			};
			name = Debug;
		};
		7A80EA6A298D5AA000D2DBC0 /* Release */ = {
			isa = XCBuildConfiguration;
			buildSettings = {
				ASSETCATALOG_COMPILER_APPICON_NAME = AppIcon;
				ASSETCATALOG_COMPILER_GLOBAL_ACCENT_COLOR_NAME = AccentColor;
				CODE_SIGN_STYLE = Automatic;
				CURRENT_PROJECT_VERSION = 1;
				DEVELOPMENT_ASSET_PATHS = "\"clicker/Preview Content\"";
				DEVELOPMENT_TEAM = YV99VX36XT;
				ENABLE_PREVIEWS = YES;
				GENERATE_INFOPLIST_FILE = YES;
				INFOPLIST_KEY_UIApplicationSceneManifest_Generation = YES;
				INFOPLIST_KEY_UIApplicationSupportsIndirectInputEvents = YES;
				INFOPLIST_KEY_UILaunchScreen_Generation = YES;
				INFOPLIST_KEY_UISupportedInterfaceOrientations_iPad = "UIInterfaceOrientationPortrait UIInterfaceOrientationPortraitUpsideDown UIInterfaceOrientationLandscapeLeft UIInterfaceOrientationLandscapeRight";
				INFOPLIST_KEY_UISupportedInterfaceOrientations_iPhone = "UIInterfaceOrientationPortrait UIInterfaceOrientationLandscapeLeft UIInterfaceOrientationLandscapeRight";
				LD_RUNPATH_SEARCH_PATHS = (
					"$(inherited)",
					"@executable_path/Frameworks",
				);
				MARKETING_VERSION = 1.0;
				PRODUCT_BUNDLE_IDENTIFIER = com.jaehanley.clicker;
				PRODUCT_NAME = "$(TARGET_NAME)";
				SWIFT_EMIT_LOC_STRINGS = YES;
				SWIFT_VERSION = 5.0;
				TARGETED_DEVICE_FAMILY = "1,2";
			};
			name = Release;
		};
		7A80EA6C298D5AA000D2DBC0 /* Debug */ = {
			isa = XCBuildConfiguration;
			buildSettings = {
				ALWAYS_EMBED_SWIFT_STANDARD_LIBRARIES = YES;
				BUNDLE_LOADER = "$(TEST_HOST)";
				CODE_SIGN_STYLE = Automatic;
				CURRENT_PROJECT_VERSION = 1;
				DEVELOPMENT_TEAM = YV99VX36XT;
				GENERATE_INFOPLIST_FILE = YES;
				IPHONEOS_DEPLOYMENT_TARGET = 16.2;
				MARKETING_VERSION = 1.0;
				PRODUCT_BUNDLE_IDENTIFIER = com.jaehanley.clickerTests;
				PRODUCT_NAME = "$(TARGET_NAME)";
				SWIFT_EMIT_LOC_STRINGS = NO;
				SWIFT_VERSION = 5.0;
				TARGETED_DEVICE_FAMILY = "1,2";
				TEST_HOST = "$(BUILT_PRODUCTS_DIR)/clicker.app/$(BUNDLE_EXECUTABLE_FOLDER_PATH)/clicker";
			};
			name = Debug;
		};
		7A80EA6D298D5AA000D2DBC0 /* Release */ = {
			isa = XCBuildConfiguration;
			buildSettings = {
				ALWAYS_EMBED_SWIFT_STANDARD_LIBRARIES = YES;
				BUNDLE_LOADER = "$(TEST_HOST)";
				CODE_SIGN_STYLE = Automatic;
				CURRENT_PROJECT_VERSION = 1;
				DEVELOPMENT_TEAM = YV99VX36XT;
				GENERATE_INFOPLIST_FILE = YES;
				IPHONEOS_DEPLOYMENT_TARGET = 16.2;
				MARKETING_VERSION = 1.0;
				PRODUCT_BUNDLE_IDENTIFIER = com.jaehanley.clickerTests;
				PRODUCT_NAME = "$(TARGET_NAME)";
				SWIFT_EMIT_LOC_STRINGS = NO;
				SWIFT_VERSION = 5.0;
				TARGETED_DEVICE_FAMILY = "1,2";
				TEST_HOST = "$(BUILT_PRODUCTS_DIR)/clicker.app/$(BUNDLE_EXECUTABLE_FOLDER_PATH)/clicker";
			};
			name = Release;
		};
		7A80EA6F298D5AA000D2DBC0 /* Debug */ = {
			isa = XCBuildConfiguration;
			buildSettings = {
				ALWAYS_EMBED_SWIFT_STANDARD_LIBRARIES = YES;
				CODE_SIGN_STYLE = Automatic;
				CURRENT_PROJECT_VERSION = 1;
				DEVELOPMENT_TEAM = YV99VX36XT;
				GENERATE_INFOPLIST_FILE = YES;
				MARKETING_VERSION = 1.0;
				PRODUCT_BUNDLE_IDENTIFIER = com.jaehanley.clickerUITests;
				PRODUCT_NAME = "$(TARGET_NAME)";
				SWIFT_EMIT_LOC_STRINGS = NO;
				SWIFT_VERSION = 5.0;
				TARGETED_DEVICE_FAMILY = "1,2";
				TEST_TARGET_NAME = clicker;
			};
			name = Debug;
		};
		7A80EA70298D5AA000D2DBC0 /* Release */ = {
			isa = XCBuildConfiguration;
			buildSettings = {
				ALWAYS_EMBED_SWIFT_STANDARD_LIBRARIES = YES;
				CODE_SIGN_STYLE = Automatic;
				CURRENT_PROJECT_VERSION = 1;
				DEVELOPMENT_TEAM = YV99VX36XT;
				GENERATE_INFOPLIST_FILE = YES;
				MARKETING_VERSION = 1.0;
				PRODUCT_BUNDLE_IDENTIFIER = com.jaehanley.clickerUITests;
				PRODUCT_NAME = "$(TARGET_NAME)";
				SWIFT_EMIT_LOC_STRINGS = NO;
				SWIFT_VERSION = 5.0;
				TARGETED_DEVICE_FAMILY = "1,2";
				TEST_TARGET_NAME = clicker;
			};
			name = Release;
		};
/* End XCBuildConfiguration section */

/* Begin XCConfigurationList section */
		7A80EA3F298D5A9F00D2DBC0 /* Build configuration list for PBXProject "clicker" */ = {
			isa = XCConfigurationList;
			buildConfigurations = (
				7A80EA66298D5AA000D2DBC0 /* Debug */,
				7A80EA67298D5AA000D2DBC0 /* Release */,
			);
			defaultConfigurationIsVisible = 0;
			defaultConfigurationName = Release;
		};
		7A80EA68298D5AA000D2DBC0 /* Build configuration list for PBXNativeTarget "clicker" */ = {
			isa = XCConfigurationList;
			buildConfigurations = (
				7A80EA69298D5AA000D2DBC0 /* Debug */,
				7A80EA6A298D5AA000D2DBC0 /* Release */,
			);
			defaultConfigurationIsVisible = 0;
			defaultConfigurationName = Release;
		};
		7A80EA6B298D5AA000D2DBC0 /* Build configuration list for PBXNativeTarget "clickerTests" */ = {
			isa = XCConfigurationList;
			buildConfigurations = (
				7A80EA6C298D5AA000D2DBC0 /* Debug */,
				7A80EA6D298D5AA000D2DBC0 /* Release */,
			);
			defaultConfigurationIsVisible = 0;
			defaultConfigurationName = Release;
		};
		7A80EA6E298D5AA000D2DBC0 /* Build configuration list for PBXNativeTarget "clickerUITests" */ = {
			isa = XCConfigurationList;
			buildConfigurations = (
				7A80EA6F298D5AA000D2DBC0 /* Debug */,
				7A80EA70298D5AA000D2DBC0 /* Release */,
			);
			defaultConfigurationIsVisible = 0;
			defaultConfigurationName = Release;
		};
/* End XCConfigurationList section */
	};
	rootObject = 7A80EA3C298D5A9F00D2DBC0 /* Project object */;
}
